// !$*UTF8*$!
{
	archiveVersion = 1;
	classes = {
	};
	objectVersion = 46;
	objects = {

/* Begin PBXBuildFile section */
		1088A3F51AF319E2001A0808 /* main.m in Sources */ = {isa = PBXBuildFile; fileRef = 1088A3F41AF319E2001A0808 /* main.m */; };
/* End PBXBuildFile section */

/* Begin PBXCopyFilesBuildPhase section */
		1088A3EF1AF319E2001A0808 /* CopyFiles */ = {
			isa = PBXCopyFilesBuildPhase;
			buildActionMask = 2147483647;
			dstPath = /usr/share/man/man1/;
			dstSubfolderSpec = 0;
			files = (
			);
			runOnlyForDeploymentPostprocessing = 1;
		};
/* End PBXCopyFilesBuildPhase section */

/* Begin PBXFileReference section */
		1088A3F11AF319E2001A0808 /* TCP-ClientServer */ = {isa = PBXFileReference; explicitFileType = "compiled.mach-o.executable"; includeInIndex = 0; path = "TCP-ClientServer"; sourceTree = BUILT_PRODUCTS_DIR; };
		1088A3F41AF319E2001A0808 /* main.m */ = {isa = PBXFileReference; lastKnownFileType = sourcecode.c.objc; path = main.m; sourceTree = "<group>"; };
/* End PBXFileReference section */

/* Begin PBXFrameworksBuildPhase section */
		1088A3EE1AF319E2001A0808 /* Frameworks */ = {
			isa = PBXFrameworksBuildPhase;
			buildActionMask = 2147483647;
			files = (
			);
			runOnlyForDeploymentPostprocessing = 0;
		};
/* End PBXFrameworksBuildPhase section */

/* Begin PBXGroup section */
		1088A3E81AF319E2001A0808 = {
			isa = PBXGroup;
			children = (
				1088A3F31AF319E2001A0808 /* TCP-ClientServer */,
				1088A3F21AF319E2001A0808 /* Products */,
			);
			sourceTree = "<group>";
		};
		1088A3F21AF319E2001A0808 /* Products */ = {
			isa = PBXGroup;
			children = (
				1088A3F11AF319E2001A0808 /* TCP-ClientServer */,
			);
			name = Products;
			sourceTree = "<group>";
		};
		1088A3F31AF319E2001A0808 /* TCP-ClientServer */ = {
			isa = PBXGroup;
			children = (
				1088A3F41AF319E2001A0808 /* main.m */,
			);
			path = "TCP-ClientServer";
			sourceTree = "<group>";
		};
/* End PBXGroup section */

/* Begin PBXNativeTarget section */
		1088A3F01AF319E2001A0808 /* TCP-ClientServer */ = {
			isa = PBXNativeTarget;
			buildConfigurationList = 1088A3F81AF319E2001A0808 /* Build configuration list for PBXNativeTarget "TCP-ClientServer" */;
			buildPhases = (
				1088A3ED1AF319E2001A0808 /* Sources */,
				1088A3EE1AF319E2001A0808 /* Frameworks */,
				1088A3EF1AF319E2001A0808 /* CopyFiles */,
			);
			buildRules = (
			);
			dependencies = (
			);
			name = "TCP-ClientServer";
			productName = "TCP-ClientServer";
			productReference = 1088A3F11AF319E2001A0808 /* TCP-ClientServer */;
			productType = "com.apple.product-type.tool";
		};
/* End PBXNativeTarget section */

/* Begin PBXProject section */
		1088A3E91AF319E2001A0808 /* Project object */ = {
			isa = PBXProject;
			attributes = {
				LastUpgradeCheck = 0620;
				ORGANIZATIONNAME = "Welton Torres Nascimento";
				TargetAttributes = {
					1088A3F01AF319E2001A0808 = {
						CreatedOnToolsVersion = 6.2;
					};
				};
			};
			buildConfigurationList = 1088A3EC1AF319E2001A0808 /* Build configuration list for PBXProject "TCP-ClientServer" */;
			compatibilityVersion = "Xcode 3.2";
			developmentRegion = English;
			hasScannedForEncodings = 0;
			knownRegions = (
				en,
			);
			mainGroup = 1088A3E81AF319E2001A0808;
			productRefGroup = 1088A3F21AF319E2001A0808 /* Products */;
			projectDirPath = "";
			projectRoot = "";
			targets = (
				1088A3F01AF319E2001A0808 /* TCP-ClientServer */,
			);
		};
/* End PBXProject section */

/* Begin PBXSourcesBuildPhase section */
		1088A3ED1AF319E2001A0808 /* Sources */ = {
			isa = PBXSourcesBuildPhase;
			buildActionMask = 2147483647;
			files = (
				1088A3F51AF319E2001A0808 /* main.m in Sources */,
			);
			runOnlyForDeploymentPostprocessing = 0;
		};
/* End PBXSourcesBuildPhase section */

/* Begin XCBuildConfiguration section */
		1088A3F61AF319E2001A0808 /* Debug */ = {
			isa = XCBuildConfiguration;
			buildSettings = {
				ALWAYS_SEARCH_USER_PATHS = NO;
				CLANG_CXX_LANGUAGE_STANDARD = "gnu++0x";
				CLANG_CXX_LIBRARY = "libc++";
				CLANG_ENABLE_MODULES = YES;
				CLANG_ENABLE_OBJC_ARC = YES;
				CLANG_WARN_BOOL_CONVERSION = YES;
				CLANG_WARN_CONSTANT_CONVERSION = YES;
				CLANG_WARN_DIRECT_OBJC_ISA_USAGE = YES_ERROR;
				CLANG_WARN_EMPTY_BODY = YES;
				CLANG_WARN_ENUM_CONVERSION = YES;
				CLANG_WARN_INT_CONVERSION = YES;
				CLANG_WARN_OBJC_ROOT_CLASS = YES_ERROR;
				CLANG_WARN_UNREACHABLE_CODE = YES;
				CLANG_WARN__DUPLICATE_METHOD_MATCH = YES;
				COPY_PHASE_STRIP = NO;
				ENABLE_STRICT_OBJC_MSGSEND = YES;
				GCC_C_LANGUAGE_STANDARD = gnu99;
				GCC_DYNAMIC_NO_PIC = NO;
				GCC_OPTIMIZATION_LEVEL = 0;
				GCC_PREPROCESSOR_DEFINITIONS = (
					"DEBUG=1",
					"$(inherited)",
				);
				GCC_SYMBOLS_PRIVATE_EXTERN = NO;
				GCC_WARN_64_TO_32_BIT_CONVERSION = YES;
				GCC_WARN_ABOUT_RETURN_TYPE = YES_ERROR;
				GCC_WARN_UNDECLARED_SELECTOR = YES;
				GCC_WARN_UNINITIALIZED_AUTOS = YES_AGGRESSIVE;
				GCC_WARN_UNUSED_FUNCTION = YES;
				GCC_WARN_UNUSED_VARIABLE = YES;
				MACOSX_DEPLOYMENT_TARGET = 10.10;
				MTL_ENABLE_DEBUG_INFO = YES;
				ONLY_ACTIVE_ARCH = YES;
				SDKROOT = macosx;
			};
			name = Debug;
		};
		1088A3F71AF319E2001A0808 /* Release */ = {
			isa = XCBuildConfiguration;
			buildSettings = {
				ALWAYS_SEARCH_USER_PATHS = NO;
				CLANG_CXX_LANGUAGE_STANDARD = "gnu++0x";
				CLANG_CXX_LIBRARY = "libc++";
				CLANG_ENABLE_MODULES = YES;
				CLANG_ENABLE_OBJC_ARC = YES;
				CLANG_WARN_BOOL_CONVERSION = YES;
				CLANG_WARN_CONSTANT_CONVERSION = YES;
				CLANG_WARN_DIRECT_OBJC_ISA_USAGE = YES_ERROR;
				CLANG_WARN_EMPTY_BODY = YES;
				CLANG_WARN_ENUM_CONVERSION = YES;
				CLANG_WARN_INT_CONVERSION = YES;
				CLANG_WARN_OBJC_ROOT_CLASS = YES_ERROR;
				CLANG_WARN_UNREACHABLE_CODE = YES;
				CLANG_WARN__DUPLICATE_METHOD_MATCH = YES;
				COPY_PHASE_STRIP = NO;
				DEBUG_INFORMATION_FORMAT = "dwarf-with-dsym";
				ENABLE_NS_ASSERTIONS = NO;
				ENABLE_STRICT_OBJC_MSGSEND = YES;
				GCC_C_LANGUAGE_STANDARD = gnu99;
				GCC_WARN_64_TO_32_BIT_CONVERSION = YES;
				GCC_WARN_ABOUT_RETURN_TYPE = YES_ERROR;
				GCC_WARN_UNDECLARED_SELECTOR = YES;
				GCC_WARN_UNINITIALIZED_AUTOS = YES_AGGRESSIVE;
				GCC_WARN_UNUSED_FUNCTION = YES;
				GCC_WARN_UNUSED_VARIABLE = YES;
				MACOSX_DEPLOYMENT_TARGET = 10.10;
				MTL_ENABLE_DEBUG_INFO = NO;
				SDKROOT = macosx;
			};
			name = Release;
		};
		1088A3F91AF319E2001A0808 /* Debug */ = {
			isa = XCBuildConfiguration;
			buildSettings = {
				PRODUCT_NAME = "$(TARGET_NAME)";
			};
			name = Debug;
		};
		1088A3FA1AF319E2001A0808 /* Release */ = {
			isa = XCBuildConfiguration;
			buildSettings = {
				PRODUCT_NAME = "$(TARGET_NAME)";
			};
			name = Release;
		};
/* End XCBuildConfiguration section */

/* Begin XCConfigurationList section */
		1088A3EC1AF319E2001A0808 /* Build configuration list for PBXProject "TCP-ClientServer" */ = {
			isa = XCConfigurationList;
			buildConfigurations = (
				1088A3F61AF319E2001A0808 /* Debug */,
				1088A3F71AF319E2001A0808 /* Release */,
			);
			defaultConfigurationIsVisible = 0;
			defaultConfigurationName = Release;
		};
		1088A3F81AF319E2001A0808 /* Build configuration list for PBXNativeTarget "TCP-ClientServer" */ = {
			isa = XCConfigurationList;
			buildConfigurations = (
				1088A3F91AF319E2001A0808 /* Debug */,
				1088A3FA1AF319E2001A0808 /* Release */,
			);
			defaultConfigurationIsVisible = 0;
		};
/* End XCConfigurationList section */
	};
	rootObject = 1088A3E91AF319E2001A0808 /* Project object */;
}
